Microsoft Visual Studio Solution File, Format Version 12.00
# Visual Studio Version 17
VisualStudioVersion = 17.5.2.0
MinimumVisualStudioVersion = 10.0.40219.1
Project("{2150E333-8FDC-42A3-9474-1A3956D46DE8}") = "api", "api", "{D82C56D6-B2CD-F611-9E31-04638F7EC30E}"
EndProject
Project("{FAE04EC0-301F-11D3-BF4B-00C04F79EFBC}") = "MvaFood.Api", "api\MvaFood.Api\MvaFood.Api.csproj", "{EB2FEEF3-7A3F-3378-6E56-46374C8BF695}"
EndProject
Global
	GlobalSection(SolutionConfigurationPlatforms) = preSolution
		Debug|Any CPU = Debug|Any CPU
		Release|Any CPU = Release|Any CPU
	EndGlobalSection
	GlobalSection(ProjectConfigurationPlatforms) = postSolution
		{EB2FEEF3-7A3F-3378-6E56-46374C8BF695}.Debug|Any CPU.ActiveCfg = Debug|Any CPU
		{EB2FEEF3-7A3F-3378-6E56-46374C8BF695}.Debug|Any CPU.Build.0 = Debug|Any CPU
		{EB2FEEF3-7A3F-3378-6E56-46374C8BF695}.Release|Any CPU.ActiveCfg = Release|Any CPU
		{EB2FEEF3-7A3F-3378-6E56-46374C8BF695}.Release|Any CPU.Build.0 = Release|Any CPU
	EndGlobalSection
	GlobalSection(SolutionProperties) = preSolution
		HideSolutionNode = FALSE
	EndGlobalSection
	GlobalSection(NestedProjects) = preSolution
		{EB2FEEF3-7A3F-3378-6E56-46374C8BF695} = {D82C56D6-B2CD-F611-9E31-04638F7EC30E}
	EndGlobalSection
	GlobalSection(ExtensibilityGlobals) = postSolution
		SolutionGuid = {84EF83E6-6B2B-401D-8A20-47B019C5FDA0}
	EndGlobalSection
EndGlobal
